
Microsoft Visual Studio Solution File, Format Version 12.00
# Visual Studio 15
VisualStudioVersion = 15.0.26730.16
MinimumVisualStudioVersion = 10.0.40219.1
Project("{FAE04EC0-301F-11D3-BF4B-00C04F79EFBC}") = "ForeighExchange6.Android", "ForeighExchange6\ForeighExchange6.Android\ForeighExchange6.Android.csproj", "{BED74DFA-75C6-4819-9C7E-DE224632D1F1}"
EndProject
Project("{FAE04EC0-301F-11D3-BF4B-00C04F79EFBC}") = "ForeighExchange6", "ForeighExchange6\ForeighExchange6\ForeighExchange6.csproj", "{11B4218C-1C4C-46A8-8D08-0CB865264311}"
EndProject
Project("{FAE04EC0-301F-11D3-BF4B-00C04F79EFBC}") = "ForeighExchange6.UWP", "ForeighExchange6\ForeighExchange6.UWP\ForeighExchange6.UWP.csproj", "{2499E701-68F5-4903-B50C-EA3D2AE5DB1B}"
EndProject
Project("{FAE04EC0-301F-11D3-BF4B-00C04F79EFBC}") = "ForeighExchange6.iOS", "ForeighExchange6\ForeighExchange6.iOS\ForeighExchange6.iOS.csproj", "{9169D06E-5FB4-4616-8406-7C5D646C8671}"
EndProject
Global
	GlobalSection(SolutionConfigurationPlatforms) = preSolution
		Ad-Hoc|Any CPU = Ad-Hoc|Any CPU
		Ad-Hoc|ARM = Ad-Hoc|ARM
		Ad-Hoc|iPhone = Ad-Hoc|iPhone
		Ad-Hoc|iPhoneSimulator = Ad-Hoc|iPhoneSimulator
		Ad-Hoc|x64 = Ad-Hoc|x64
		Ad-Hoc|x86 = Ad-Hoc|x86
		AppStore|Any CPU = AppStore|Any CPU
		AppStore|ARM = AppStore|ARM
		AppStore|iPhone = AppStore|iPhone
		AppStore|iPhoneSimulator = AppStore|iPhoneSimulator
		AppStore|x64 = AppStore|x64
		AppStore|x86 = AppStore|x86
		Debug|Any CPU = Debug|Any CPU
		Debug|ARM = Debug|ARM
		Debug|iPhone = Debug|iPhone
		Debug|iPhoneSimulator = Debug|iPhoneSimulator
		Debug|x64 = Debug|x64
		Debug|x86 = Debug|x86
		Release|Any CPU = Release|Any CPU
		Release|ARM = Release|ARM
		Release|iPhone = Release|iPhone
		Release|iPhoneSimulator = Release|iPhoneSimulator
		Release|x64 = Release|x64
		Release|x86 = Release|x86
	EndGlobalSection
	GlobalSection(ProjectConfigurationPlatforms) = postSolution
		{BED74DFA-75C6-4819-9C7E-DE224632D1F1}.Ad-Hoc|Any CPU.ActiveCfg = Release|Any CPU
		{BED74DFA-75C6-4819-9C7E-DE224632D1F1}.Ad-Hoc|Any CPU.Build.0 = Release|Any CPU
		{BED74DFA-75C6-4819-9C7E-DE224632D1F1}.Ad-Hoc|Any CPU.Deploy.0 = Release|Any CPU
		{BED74DFA-75C6-4819-9C7E-DE224632D1F1}.Ad-Hoc|ARM.ActiveCfg = Release|Any CPU
		{BED74DFA-75C6-4819-9C7E-DE224632D1F1}.Ad-Hoc|ARM.Build.0 = Release|Any CPU
		{BED74DFA-75C6-4819-9C7E-DE224632D1F1}.Ad-Hoc|ARM.Deploy.0 = Release|Any CPU
		{BED74DFA-75C6-4819-9C7E-DE224632D1F1}.Ad-Hoc|iPhone.ActiveCfg = Release|Any CPU
		{BED74DFA-75C6-4819-9C7E-DE224632D1F1}.Ad-Hoc|iPhone.Build.0 = Release|Any CPU
		{BED74DFA-75C6-4819-9C7E-DE224632D1F1}.Ad-Hoc|iPhone.Deploy.0 = Release|Any CPU
		{BED74DFA-75C6-4819-9C7E-DE224632D1F1}.Ad-Hoc|iPhoneSimulator.ActiveCfg = Release|Any CPU
		{BED74DFA-75C6-4819-9C7E-DE224632D1F1}.Ad-Hoc|iPhoneSimulator.Build.0 = Release|Any CPU
		{BED74DFA-75C6-4819-9C7E-DE224632D1F1}.Ad-Hoc|iPhoneSimulator.Deploy.0 = Release|Any CPU
		{BED74DFA-75C6-4819-9C7E-DE224632D1F1}.Ad-Hoc|x64.ActiveCfg = Release|Any CPU
		{BED74DFA-75C6-4819-9C7E-DE224632D1F1}.Ad-Hoc|x64.Build.0 = Release|Any CPU
		{BED74DFA-75C6-4819-9C7E-DE224632D1F1}.Ad-Hoc|x64.Deploy.0 = Release|Any CPU
		{BED74DFA-75C6-4819-9C7E-DE224632D1F1}.Ad-Hoc|x86.ActiveCfg = Release|Any CPU
		{BED74DFA-75C6-4819-9C7E-DE224632D1F1}.Ad-Hoc|x86.Build.0 = Release|Any CPU
		{BED74DFA-75C6-4819-9C7E-DE224632D1F1}.Ad-Hoc|x86.Deploy.0 = Release|Any CPU
		{BED74DFA-75C6-4819-9C7E-DE224632D1F1}.AppStore|Any CPU.ActiveCfg = Release|Any CPU
		{BED74DFA-75C6-4819-9C7E-DE224632D1F1}.AppStore|Any CPU.Build.0 = Release|Any CPU
		{BED74DFA-75C6-4819-9C7E-DE224632D1F1}.AppStore|Any CPU.Deploy.0 = Release|Any CPU
		{BED74DFA-75C6-4819-9C7E-DE224632D1F1}.AppStore|ARM.ActiveCfg = Release|Any CPU
		{BED74DFA-75C6-4819-9C7E-DE224632D1F1}.AppStore|ARM.Build.0 = Release|Any CPU
		{BED74DFA-75C6-4819-9C7E-DE224632D1F1}.AppStore|ARM.Deploy.0 = Release|Any CPU
		{BED74DFA-75C6-4819-9C7E-DE224632D1F1}.AppStore|iPhone.ActiveCfg = Release|Any CPU
		{BED74DFA-75C6-4819-9C7E-DE224632D1F1}.AppStore|iPhone.Build.0 = Release|Any CPU
		{BED74DFA-75C6-4819-9C7E-DE224632D1F1}.AppStore|iPhone.Deploy.0 = Release|Any CPU
		{BED74DFA-75C6-4819-9C7E-DE224632D1F1}.AppStore|iPhoneSimulator.ActiveCfg = Release|Any CPU
		{BED74DFA-75C6-4819-9C7E-DE224632D1F1}.AppStore|iPhoneSimulator.Build.0 = Release|Any CPU
		{BED74DFA-75C6-4819-9C7E-DE224632D1F1}.AppStore|iPhoneSimulator.Deploy.0 = Release|Any CPU
		{BED74DFA-75C6-4819-9C7E-DE224632D1F1}.AppStore|x64.ActiveCfg = Release|Any CPU
		{BED74DFA-75C6-4819-9C7E-DE224632D1F1}.AppStore|x64.Build.0 = Release|Any CPU
		{BED74DFA-75C6-4819-9C7E-DE224632D1F1}.AppStore|x64.Deploy.0 = Release|Any CPU
		{BED74DFA-75C6-4819-9C7E-DE224632D1F1}.AppStore|x86.ActiveCfg = Release|Any CPU
		{BED74DFA-75C6-4819-9C7E-DE224632D1F1}.AppStore|x86.Build.0 = Release|Any CPU
		{BED74DFA-75C6-4819-9C7E-DE224632D1F1}.AppStore|x86.Deploy.0 = Release|Any CPU
		{BED74DFA-75C6-4819-9C7E-DE224632D1F1}.Debug|Any CPU.ActiveCfg = Debug|Any CPU
		{BED74DFA-75C6-4819-9C7E-DE224632D1F1}.Debug|Any CPU.Build.0 = Debug|Any CPU
		{BED74DFA-75C6-4819-9C7E-DE224632D1F1}.Debug|Any CPU.Deploy.0 = Debug|Any CPU
		{BED74DFA-75C6-4819-9C7E-DE224632D1F1}.Debug|ARM.ActiveCfg = Debug|Any CPU
		{BED74DFA-75C6-4819-9C7E-DE224632D1F1}.Debug|ARM.Build.0 = Debug|Any CPU
		{BED74DFA-75C6-4819-9C7E-DE224632D1F1}.Debug|ARM.Deploy.0 = Debug|Any CPU
		{BED74DFA-75C6-4819-9C7E-DE224632D1F1}.Debug|iPhone.ActiveCfg = Debug|Any CPU
		{BED74DFA-75C6-4819-9C7E-DE224632D1F1}.Debug|iPhone.Build.0 = Debug|Any CPU
		{BED74DFA-75C6-4819-9C7E-DE224632D1F1}.Debug|iPhone.Deploy.0 = Debug|Any CPU
		{BED74DFA-75C6-4819-9C7E-DE224632D1F1}.Debug|iPhoneSimulator.ActiveCfg = Debug|Any CPU
		{BED74DFA-75C6-4819-9C7E-DE224632D1F1}.Debug|iPhoneSimulator.Build.0 = Debug|Any CPU
		{BED74DFA-75C6-4819-9C7E-DE224632D1F1}.Debug|iPhoneSimulator.Deploy.0 = Debug|Any CPU
		{BED74DFA-75C6-4819-9C7E-DE224632D1F1}.Debug|x64.ActiveCfg = Debug|Any CPU
		{BED74DFA-75C6-4819-9C7E-DE224632D1F1}.Debug|x64.Build.0 = Debug|Any CPU
		{BED74DFA-75C6-4819-9C7E-DE224632D1F1}.Debug|x64.Deploy.0 = Debug|Any CPU
		{BED74DFA-75C6-4819-9C7E-DE224632D1F1}.Debug|x86.ActiveCfg = Debug|Any CPU
		{BED74DFA-75C6-4819-9C7E-DE224632D1F1}.Debug|x86.Build.0 = Debug|Any CPU
		{BED74DFA-75C6-4819-9C7E-DE224632D1F1}.Debug|x86.Deploy.0 = Debug|Any CPU
		{BED74DFA-75C6-4819-9C7E-DE224632D1F1}.Release|Any CPU.ActiveCfg = Release|Any CPU
		{BED74DFA-75C6-4819-9C7E-DE224632D1F1}.Release|Any CPU.Build.0 = Release|Any CPU
		{BED74DFA-75C6-4819-9C7E-DE224632D1F1}.Release|Any CPU.Deploy.0 = Release|Any CPU
		{BED74DFA-75C6-4819-9C7E-DE224632D1F1}.Release|ARM.ActiveCfg = Release|Any CPU
		{BED74DFA-75C6-4819-9C7E-DE224632D1F1}.Release|ARM.Build.0 = Release|Any CPU
		{BED74DFA-75C6-4819-9C7E-DE224632D1F1}.Release|ARM.Deploy.0 = Release|Any CPU
		{BED74DFA-75C6-4819-9C7E-DE224632D1F1}.Release|iPhone.ActiveCfg = Release|Any CPU
		{BED74DFA-75C6-4819-9C7E-DE224632D1F1}.Release|iPhone.Build.0 = Release|Any CPU
		{BED74DFA-75C6-4819-9C7E-DE224632D1F1}.Release|iPhone.Deploy.0 = Release|Any CPU
		{BED74DFA-75C6-4819-9C7E-DE224632D1F1}.Release|iPhoneSimulator.ActiveCfg = Release|Any CPU
		{BED74DFA-75C6-4819-9C7E-DE224632D1F1}.Release|iPhoneSimulator.Build.0 = Release|Any CPU
		{BED74DFA-75C6-4819-9C7E-DE224632D1F1}.Release|iPhoneSimulator.Deploy.0 = Release|Any CPU
		{BED74DFA-75C6-4819-9C7E-DE224632D1F1}.Release|x64.ActiveCfg = Release|Any CPU
		{BED74DFA-75C6-4819-9C7E-DE224632D1F1}.Release|x64.Build.0 = Release|Any CPU
		{BED74DFA-75C6-4819-9C7E-DE224632D1F1}.Release|x64.Deploy.0 = Release|Any CPU
		{BED74DFA-75C6-4819-9C7E-DE224632D1F1}.Release|x86.ActiveCfg = Release|Any CPU
		{BED74DFA-75C6-4819-9C7E-DE224632D1F1}.Release|x86.Build.0 = Release|Any CPU
		{BED74DFA-75C6-4819-9C7E-DE224632D1F1}.Release|x86.Deploy.0 = Release|Any CPU
		{11B4218C-1C4C-46A8-8D08-0CB865264311}.Ad-Hoc|Any CPU.ActiveCfg = Release|Any CPU
		{11B4218C-1C4C-46A8-8D08-0CB865264311}.Ad-Hoc|Any CPU.Build.0 = Release|Any CPU
		{11B4218C-1C4C-46A8-8D08-0CB865264311}.Ad-Hoc|ARM.ActiveCfg = Release|Any CPU
		{11B4218C-1C4C-46A8-8D08-0CB865264311}.Ad-Hoc|ARM.Build.0 = Release|Any CPU
		{11B4218C-1C4C-46A8-8D08-0CB865264311}.Ad-Hoc|iPhone.ActiveCfg = Release|Any CPU
		{11B4218C-1C4C-46A8-8D08-0CB865264311}.Ad-Hoc|iPhone.Build.0 = Release|Any CPU
		{11B4218C-1C4C-46A8-8D08-0CB865264311}.Ad-Hoc|iPhoneSimulator.ActiveCfg = Release|Any CPU
		{11B4218C-1C4C-46A8-8D08-0CB865264311}.Ad-Hoc|iPhoneSimulator.Build.0 = Release|Any CPU
		{11B4218C-1C4C-46A8-8D08-0CB865264311}.Ad-Hoc|x64.ActiveCfg = Release|Any CPU
		{11B4218C-1C4C-46A8-8D08-0CB865264311}.Ad-Hoc|x64.Build.0 = Release|Any CPU
		{11B4218C-1C4C-46A8-8D08-0CB865264311}.Ad-Hoc|x86.ActiveCfg = Release|Any CPU
		{11B4218C-1C4C-46A8-8D08-0CB865264311}.Ad-Hoc|x86.Build.0 = Release|Any CPU
		{11B4218C-1C4C-46A8-8D08-0CB865264311}.AppStore|Any CPU.ActiveCfg = Release|Any CPU
		{11B4218C-1C4C-46A8-8D08-0CB865264311}.AppStore|Any CPU.Build.0 = Release|Any CPU
		{11B4218C-1C4C-46A8-8D08-0CB865264311}.AppStore|ARM.ActiveCfg = Release|Any CPU
		{11B4218C-1C4C-46A8-8D08-0CB865264311}.AppStore|ARM.Build.0 = Release|Any CPU
		{11B4218C-1C4C-46A8-8D08-0CB865264311}.AppStore|iPhone.ActiveCfg = Release|Any CPU
		{11B4218C-1C4C-46A8-8D08-0CB865264311}.AppStore|iPhone.Build.0 = Release|Any CPU
		{11B4218C-1C4C-46A8-8D08-0CB865264311}.AppStore|iPhoneSimulator.ActiveCfg = Release|Any CPU
		{11B4218C-1C4C-46A8-8D08-0CB865264311}.AppStore|iPhoneSimulator.Build.0 = Release|Any CPU
		{11B4218C-1C4C-46A8-8D08-0CB865264311}.AppStore|x64.ActiveCfg = Release|Any CPU
		{11B4218C-1C4C-46A8-8D08-0CB865264311}.AppStore|x64.Build.0 = Release|Any CPU
		{11B4218C-1C4C-46A8-8D08-0CB865264311}.AppStore|x86.ActiveCfg = Release|Any CPU
		{11B4218C-1C4C-46A8-8D08-0CB865264311}.AppStore|x86.Build.0 = Release|Any CPU
		{11B4218C-1C4C-46A8-8D08-0CB865264311}.Debug|Any CPU.ActiveCfg = Debug|Any CPU
		{11B4218C-1C4C-46A8-8D08-0CB865264311}.Debug|Any CPU.Build.0 = Debug|Any CPU
		{11B4218C-1C4C-46A8-8D08-0CB865264311}.Debug|ARM.ActiveCfg = Debug|Any CPU
		{11B4218C-1C4C-46A8-8D08-0CB865264311}.Debug|ARM.Build.0 = Debug|Any CPU
		{11B4218C-1C4C-46A8-8D08-0CB865264311}.Debug|iPhone.ActiveCfg = Debug|Any CPU
		{11B4218C-1C4C-46A8-8D08-0CB865264311}.Debug|iPhone.Build.0 = Debug|Any CPU
		{11B4218C-1C4C-46A8-8D08-0CB865264311}.Debug|iPhoneSimulator.ActiveCfg = Debug|Any CPU
		{11B4218C-1C4C-46A8-8D08-0CB865264311}.Debug|iPhoneSimulator.Build.0 = Debug|Any CPU
		{11B4218C-1C4C-46A8-8D08-0CB865264311}.Debug|x64.ActiveCfg = Debug|Any CPU
		{11B4218C-1C4C-46A8-8D08-0CB865264311}.Debug|x64.Build.0 = Debug|Any CPU
		{11B4218C-1C4C-46A8-8D08-0CB865264311}.Debug|x86.ActiveCfg = Debug|Any CPU
		{11B4218C-1C4C-46A8-8D08-0CB865264311}.Debug|x86.Build.0 = Debug|Any CPU
		{11B4218C-1C4C-46A8-8D08-0CB865264311}.Release|Any CPU.ActiveCfg = Release|Any CPU
		{11B4218C-1C4C-46A8-8D08-0CB865264311}.Release|Any CPU.Build.0 = Release|Any CPU
		{11B4218C-1C4C-46A8-8D08-0CB865264311}.Release|ARM.ActiveCfg = Release|Any CPU
		{11B4218C-1C4C-46A8-8D08-0CB865264311}.Release|ARM.Build.0 = Release|Any CPU
		{11B4218C-1C4C-46A8-8D08-0CB865264311}.Release|iPhone.ActiveCfg = Release|Any CPU
		{11B4218C-1C4C-46A8-8D08-0CB865264311}.Release|iPhone.Build.0 = Release|Any CPU
		{11B4218C-1C4C-46A8-8D08-0CB865264311}.Release|iPhoneSimulator.ActiveCfg = Release|Any CPU
		{11B4218C-1C4C-46A8-8D08-0CB865264311}.Release|iPhoneSimulator.Build.0 = Release|Any CPU
		{11B4218C-1C4C-46A8-8D08-0CB865264311}.Release|x64.ActiveCfg = Release|Any CPU
		{11B4218C-1C4C-46A8-8D08-0CB865264311}.Release|x64.Build.0 = Release|Any CPU
		{11B4218C-1C4C-46A8-8D08-0CB865264311}.Release|x86.ActiveCfg = Release|Any CPU
		{11B4218C-1C4C-46A8-8D08-0CB865264311}.Release|x86.Build.0 = Release|Any CPU
		{2499E701-68F5-4903-B50C-EA3D2AE5DB1B}.Ad-Hoc|Any CPU.ActiveCfg = Release|x86
		{2499E701-68F5-4903-B50C-EA3D2AE5DB1B}.Ad-Hoc|Any CPU.Build.0 = Release|x86
		{2499E701-68F5-4903-B50C-EA3D2AE5DB1B}.Ad-Hoc|Any CPU.Deploy.0 = Release|x86
		{2499E701-68F5-4903-B50C-EA3D2AE5DB1B}.Ad-Hoc|ARM.ActiveCfg = Release|ARM
		{2499E701-68F5-4903-B50C-EA3D2AE5DB1B}.Ad-Hoc|ARM.Build.0 = Release|ARM
		{2499E701-68F5-4903-B50C-EA3D2AE5DB1B}.Ad-Hoc|ARM.Deploy.0 = Release|ARM
		{2499E701-68F5-4903-B50C-EA3D2AE5DB1B}.Ad-Hoc|iPhone.ActiveCfg = Release|x86
		{2499E701-68F5-4903-B50C-EA3D2AE5DB1B}.Ad-Hoc|iPhone.Build.0 = Release|x86
		{2499E701-68F5-4903-B50C-EA3D2AE5DB1B}.Ad-Hoc|iPhone.Deploy.0 = Release|x86
		{2499E701-68F5-4903-B50C-EA3D2AE5DB1B}.Ad-Hoc|iPhoneSimulator.ActiveCfg = Release|x86
		{2499E701-68F5-4903-B50C-EA3D2AE5DB1B}.Ad-Hoc|iPhoneSimulator.Build.0 = Release|x86
		{2499E701-68F5-4903-B50C-EA3D2AE5DB1B}.Ad-Hoc|iPhoneSimulator.Deploy.0 = Release|x86
		{2499E701-68F5-4903-B50C-EA3D2AE5DB1B}.Ad-Hoc|x64.ActiveCfg = Release|x64
		{2499E701-68F5-4903-B50C-EA3D2AE5DB1B}.Ad-Hoc|x64.Build.0 = Release|x64
		{2499E701-68F5-4903-B50C-EA3D2AE5DB1B}.Ad-Hoc|x64.Deploy.0 = Release|x64
		{2499E701-68F5-4903-B50C-EA3D2AE5DB1B}.Ad-Hoc|x86.ActiveCfg = Release|x86
		{2499E701-68F5-4903-B50C-EA3D2AE5DB1B}.Ad-Hoc|x86.Build.0 = Release|x86
		{2499E701-68F5-4903-B50C-EA3D2AE5DB1B}.Ad-Hoc|x86.Deploy.0 = Release|x86
		{2499E701-68F5-4903-B50C-EA3D2AE5DB1B}.AppStore|Any CPU.ActiveCfg = Release|x86
		{2499E701-68F5-4903-B50C-EA3D2AE5DB1B}.AppStore|Any CPU.Build.0 = Release|x86
		{2499E701-68F5-4903-B50C-EA3D2AE5DB1B}.AppStore|Any CPU.Deploy.0 = Release|x86
		{2499E701-68F5-4903-B50C-EA3D2AE5DB1B}.AppStore|ARM.ActiveCfg = Release|ARM
		{2499E701-68F5-4903-B50C-EA3D2AE5DB1B}.AppStore|ARM.Build.0 = Release|ARM
		{2499E701-68F5-4903-B50C-EA3D2AE5DB1B}.AppStore|ARM.Deploy.0 = Release|ARM
		{2499E701-68F5-4903-B50C-EA3D2AE5DB1B}.AppStore|iPhone.ActiveCfg = Release|x86
		{2499E701-68F5-4903-B50C-EA3D2AE5DB1B}.AppStore|iPhone.Build.0 = Release|x86
		{2499E701-68F5-4903-B50C-EA3D2AE5DB1B}.AppStore|iPhone.Deploy.0 = Release|x86
		{2499E701-68F5-4903-B50C-EA3D2AE5DB1B}.AppStore|iPhoneSimulator.ActiveCfg = Release|x86
		{2499E701-68F5-4903-B50C-EA3D2AE5DB1B}.AppStore|iPhoneSimulator.Build.0 = Release|x86
		{2499E701-68F5-4903-B50C-EA3D2AE5DB1B}.AppStore|iPhoneSimulator.Deploy.0 = Release|x86
		{2499E701-68F5-4903-B50C-EA3D2AE5DB1B}.AppStore|x64.ActiveCfg = Release|x64
		{2499E701-68F5-4903-B50C-EA3D2AE5DB1B}.AppStore|x64.Build.0 = Release|x64
		{2499E701-68F5-4903-B50C-EA3D2AE5DB1B}.AppStore|x64.Deploy.0 = Release|x64
		{2499E701-68F5-4903-B50C-EA3D2AE5DB1B}.AppStore|x86.ActiveCfg = Release|x86
		{2499E701-68F5-4903-B50C-EA3D2AE5DB1B}.AppStore|x86.Build.0 = Release|x86
		{2499E701-68F5-4903-B50C-EA3D2AE5DB1B}.AppStore|x86.Deploy.0 = Release|x86
		{2499E701-68F5-4903-B50C-EA3D2AE5DB1B}.Debug|Any CPU.ActiveCfg = Debug|x86
		{2499E701-68F5-4903-B50C-EA3D2AE5DB1B}.Debug|ARM.ActiveCfg = Debug|ARM
		{2499E701-68F5-4903-B50C-EA3D2AE5DB1B}.Debug|ARM.Build.0 = Debug|ARM
		{2499E701-68F5-4903-B50C-EA3D2AE5DB1B}.Debug|ARM.Deploy.0 = Debug|ARM
		{2499E701-68F5-4903-B50C-EA3D2AE5DB1B}.Debug|iPhone.ActiveCfg = Debug|x86
		{2499E701-68F5-4903-B50C-EA3D2AE5DB1B}.Debug|iPhoneSimulator.ActiveCfg = Debug|x86
		{2499E701-68F5-4903-B50C-EA3D2AE5DB1B}.Debug|x64.ActiveCfg = Debug|x64
		{2499E701-68F5-4903-B50C-EA3D2AE5DB1B}.Debug|x64.Build.0 = Debug|x64
		{2499E701-68F5-4903-B50C-EA3D2AE5DB1B}.Debug|x64.Deploy.0 = Debug|x64
		{2499E701-68F5-4903-B50C-EA3D2AE5DB1B}.Debug|x86.ActiveCfg = Debug|x86
		{2499E701-68F5-4903-B50C-EA3D2AE5DB1B}.Debug|x86.Build.0 = Debug|x86
		{2499E701-68F5-4903-B50C-EA3D2AE5DB1B}.Debug|x86.Deploy.0 = Debug|x86
		{2499E701-68F5-4903-B50C-EA3D2AE5DB1B}.Release|Any CPU.ActiveCfg = Release|x86
		{2499E701-68F5-4903-B50C-EA3D2AE5DB1B}.Release|ARM.ActiveCfg = Release|ARM
		{2499E701-68F5-4903-B50C-EA3D2AE5DB1B}.Release|ARM.Build.0 = Release|ARM
		{2499E701-68F5-4903-B50C-EA3D2AE5DB1B}.Release|ARM.Deploy.0 = Release|ARM
		{2499E701-68F5-4903-B50C-EA3D2AE5DB1B}.Release|iPhone.ActiveCfg = Release|x86
		{2499E701-68F5-4903-B50C-EA3D2AE5DB1B}.Release|iPhoneSimulator.ActiveCfg = Release|x86
		{2499E701-68F5-4903-B50C-EA3D2AE5DB1B}.Release|x64.ActiveCfg = Release|x64
		{2499E701-68F5-4903-B50C-EA3D2AE5DB1B}.Release|x64.Build.0 = Release|x64
		{2499E701-68F5-4903-B50C-EA3D2AE5DB1B}.Release|x64.Deploy.0 = Release|x64
		{2499E701-68F5-4903-B50C-EA3D2AE5DB1B}.Release|x86.ActiveCfg = Release|x86
		{2499E701-68F5-4903-B50C-EA3D2AE5DB1B}.Release|x86.Build.0 = Release|x86
		{2499E701-68F5-4903-B50C-EA3D2AE5DB1B}.Release|x86.Deploy.0 = Release|x86
		{9169D06E-5FB4-4616-8406-7C5D646C8671}.Ad-Hoc|Any CPU.ActiveCfg = Ad-Hoc|iPhone
		{9169D06E-5FB4-4616-8406-7C5D646C8671}.Ad-Hoc|ARM.ActiveCfg = Ad-Hoc|iPhone
		{9169D06E-5FB4-4616-8406-7C5D646C8671}.Ad-Hoc|iPhone.ActiveCfg = Ad-Hoc|iPhone
		{9169D06E-5FB4-4616-8406-7C5D646C8671}.Ad-Hoc|iPhone.Build.0 = Ad-Hoc|iPhone
		{9169D06E-5FB4-4616-8406-7C5D646C8671}.Ad-Hoc|iPhoneSimulator.ActiveCfg = Ad-Hoc|iPhoneSimulator
		{9169D06E-5FB4-4616-8406-7C5D646C8671}.Ad-Hoc|iPhoneSimulator.Build.0 = Ad-Hoc|iPhoneSimulator
		{9169D06E-5FB4-4616-8406-7C5D646C8671}.Ad-Hoc|x64.ActiveCfg = Ad-Hoc|iPhone
		{9169D06E-5FB4-4616-8406-7C5D646C8671}.Ad-Hoc|x86.ActiveCfg = Ad-Hoc|iPhone
		{9169D06E-5FB4-4616-8406-7C5D646C8671}.AppStore|Any CPU.ActiveCfg = AppStore|iPhone
		{9169D06E-5FB4-4616-8406-7C5D646C8671}.AppStore|ARM.ActiveCfg = AppStore|iPhone
		{9169D06E-5FB4-4616-8406-7C5D646C8671}.AppStore|iPhone.ActiveCfg = AppStore|iPhone
		{9169D06E-5FB4-4616-8406-7C5D646C8671}.AppStore|iPhone.Build.0 = AppStore|iPhone
		{9169D06E-5FB4-4616-8406-7C5D646C8671}.AppStore|iPhoneSimulator.ActiveCfg = AppStore|iPhoneSimulator
		{9169D06E-5FB4-4616-8406-7C5D646C8671}.AppStore|iPhoneSimulator.Build.0 = AppStore|iPhoneSimulator
		{9169D06E-5FB4-4616-8406-7C5D646C8671}.AppStore|x64.ActiveCfg = AppStore|iPhone
		{9169D06E-5FB4-4616-8406-7C5D646C8671}.AppStore|x86.ActiveCfg = AppStore|iPhone
		{9169D06E-5FB4-4616-8406-7C5D646C8671}.Debug|Any CPU.ActiveCfg = Debug|iPhone
		{9169D06E-5FB4-4616-8406-7C5D646C8671}.Debug|ARM.ActiveCfg = Debug|iPhone
		{9169D06E-5FB4-4616-8406-7C5D646C8671}.Debug|iPhone.ActiveCfg = Debug|iPhone
		{9169D06E-5FB4-4616-8406-7C5D646C8671}.Debug|iPhone.Build.0 = Debug|iPhone
		{9169D06E-5FB4-4616-8406-7C5D646C8671}.Debug|iPhoneSimulator.ActiveCfg = Debug|iPhoneSimulator
		{9169D06E-5FB4-4616-8406-7C5D646C8671}.Debug|iPhoneSimulator.Build.0 = Debug|iPhoneSimulator
		{9169D06E-5FB4-4616-8406-7C5D646C8671}.Debug|x64.ActiveCfg = Debug|iPhone
		{9169D06E-5FB4-4616-8406-7C5D646C8671}.Debug|x86.ActiveCfg = Debug|iPhone
		{9169D06E-5FB4-4616-8406-7C5D646C8671}.Release|Any CPU.ActiveCfg = Release|iPhone
		{9169D06E-5FB4-4616-8406-7C5D646C8671}.Release|ARM.ActiveCfg = Release|iPhone
		{9169D06E-5FB4-4616-8406-7C5D646C8671}.Release|iPhone.ActiveCfg = Release|iPhone
		{9169D06E-5FB4-4616-8406-7C5D646C8671}.Release|iPhone.Build.0 = Release|iPhone
		{9169D06E-5FB4-4616-8406-7C5D646C8671}.Release|iPhoneSimulator.ActiveCfg = Release|iPhoneSimulator
		{9169D06E-5FB4-4616-8406-7C5D646C8671}.Release|iPhoneSimulator.Build.0 = Release|iPhoneSimulator
		{9169D06E-5FB4-4616-8406-7C5D646C8671}.Release|x64.ActiveCfg = Release|iPhone
		{9169D06E-5FB4-4616-8406-7C5D646C8671}.Release|x86.ActiveCfg = Release|iPhone
	EndGlobalSection
	GlobalSection(SolutionProperties) = preSolution
		HideSolutionNode = FALSE
	EndGlobalSection
	GlobalSection(ExtensibilityGlobals) = postSolution
		SolutionGuid = {342B8E15-A2C0-4546-893B-759C64F77744}
	EndGlobalSection
EndGlobal
